// !$*UTF8*$!
{
	archiveVersion = 1;
	classes = {
	};
	objectVersion = 46;
	objects = {

/* Begin PBXBuildFile section */
		C8158D991E0D8CF800648BC5 /* main.m in Sources */ = {isa = PBXBuildFile; fileRef = C8158D981E0D8CF800648BC5 /* main.m */; };
		C8158D9C1E0D8CF800648BC5 /* AppDelegate.m in Sources */ = {isa = PBXBuildFile; fileRef = C8158D9B1E0D8CF800648BC5 /* AppDelegate.m */; };
		C8158D9F1E0D8CF800648BC5 /* ViewController.m in Sources */ = {isa = PBXBuildFile; fileRef = C8158D9E1E0D8CF800648BC5 /* ViewController.m */; };
		C8158DA21E0D8CF800648BC5 /* Main.storyboard in Resources */ = {isa = PBXBuildFile; fileRef = C8158DA01E0D8CF800648BC5 /* Main.storyboard */; };
		C8158DA41E0D8CF800648BC5 /* Assets.xcassets in Resources */ = {isa = PBXBuildFile; fileRef = C8158DA31E0D8CF800648BC5 /* Assets.xcassets */; };
		C8158DA71E0D8CF800648BC5 /* LaunchScreen.storyboard in Resources */ = {isa = PBXBuildFile; fileRef = C8158DA51E0D8CF800648BC5 /* LaunchScreen.storyboard */; };
		C8158DB01E0D8F2A00648BC5 /* NSObject+tryDownCast.m in Sources */ = {isa = PBXBuildFile; fileRef = C8158DAF1E0D8F2A00648BC5 /* NSObject+tryDownCast.m */; };
		C8158DB31E0D8FED00648BC5 /* NSObject+tableView.m in Sources */ = {isa = PBXBuildFile; fileRef = C8158DB21E0D8FED00648BC5 /* NSObject+tableView.m */; };
		C8158DB61E0D905300648BC5 /* TextModel.m in Sources */ = {isa = PBXBuildFile; fileRef = C8158DB51E0D905300648BC5 /* TextModel.m */; };
		C8158DB91E0D92CF00648BC5 /* ImageModel.m in Sources */ = {isa = PBXBuildFile; fileRef = C8158DB81E0D92CF00648BC5 /* ImageModel.m */; };
		C8158DBC1E0D92FF00648BC5 /* TextCell.m in Sources */ = {isa = PBXBuildFile; fileRef = C8158DBB1E0D92FF00648BC5 /* TextCell.m */; };
		C8158DBF1E0D930C00648BC5 /* ImageCell.m in Sources */ = {isa = PBXBuildFile; fileRef = C8158DBE1E0D930C00648BC5 /* ImageCell.m */; };
		C8158DC21E0D967900648BC5 /* dylan1.jpg in Resources */ = {isa = PBXBuildFile; fileRef = C8158DC11E0D967900648BC5 /* dylan1.jpg */; };
		C8158DC41E0D968000648BC5 /* dylan2.jpg in Resources */ = {isa = PBXBuildFile; fileRef = C8158DC31E0D968000648BC5 /* dylan2.jpg */; };
		C8158DC71E0D985B00648BC5 /* TextModel+tableView.m in Sources */ = {isa = PBXBuildFile; fileRef = C8158DC61E0D985B00648BC5 /* TextModel+tableView.m */; };
		C8158DCD1E0D99CC00648BC5 /* ImageModel+tableView.m in Sources */ = {isa = PBXBuildFile; fileRef = C8158DCC1E0D99CC00648BC5 /* ImageModel+tableView.m */; };
/* End PBXBuildFile section */

/* Begin PBXFileReference section */
		C8158D941E0D8CF800648BC5 /* CategoryDemo.app */ = {isa = PBXFileReference; explicitFileType = wrapper.application; includeInIndex = 0; path = CategoryDemo.app; sourceTree = BUILT_PRODUCTS_DIR; };
		C8158D981E0D8CF800648BC5 /* main.m */ = {isa = PBXFileReference; lastKnownFileType = sourcecode.c.objc; path = main.m; sourceTree = "<group>"; };
		C8158D9A1E0D8CF800648BC5 /* AppDelegate.h */ = {isa = PBXFileReference; lastKnownFileType = sourcecode.c.h; path = AppDelegate.h; sourceTree = "<group>"; };
		C8158D9B1E0D8CF800648BC5 /* AppDelegate.m */ = {isa = PBXFileReference; lastKnownFileType = sourcecode.c.objc; path = AppDelegate.m; sourceTree = "<group>"; };
		C8158D9D1E0D8CF800648BC5 /* ViewController.h */ = {isa = PBXFileReference; lastKnownFileType = sourcecode.c.h; path = ViewController.h; sourceTree = "<group>"; };
		C8158D9E1E0D8CF800648BC5 /* ViewController.m */ = {isa = PBXFileReference; lastKnownFileType = sourcecode.c.objc; path = ViewController.m; sourceTree = "<group>"; };
		C8158DA11E0D8CF800648BC5 /* Base */ = {isa = PBXFileReference; lastKnownFileType = file.storyboard; name = Base; path = Base.lproj/Main.storyboard; sourceTree = "<group>"; };
		C8158DA31E0D8CF800648BC5 /* Assets.xcassets */ = {isa = PBXFileReference; lastKnownFileType = folder.assetcatalog; path = Assets.xcassets; sourceTree = "<group>"; };
		C8158DA61E0D8CF800648BC5 /* Base */ = {isa = PBXFileReference; lastKnownFileType = file.storyboard; name = Base; path = Base.lproj/LaunchScreen.storyboard; sourceTree = "<group>"; };
		C8158DA81E0D8CF800648BC5 /* Info.plist */ = {isa = PBXFileReference; lastKnownFileType = text.plist.xml; path = Info.plist; sourceTree = "<group>"; };
		C8158DAE1E0D8F2A00648BC5 /* NSObject+tryDownCast.h */ = {isa = PBXFileReference; fileEncoding = 4; lastKnownFileType = sourcecode.c.h; path = "NSObject+tryDownCast.h"; sourceTree = "<group>"; };
		C8158DAF1E0D8F2A00648BC5 /* NSObject+tryDownCast.m */ = {isa = PBXFileReference; fileEncoding = 4; lastKnownFileType = sourcecode.c.objc; path = "NSObject+tryDownCast.m"; sourceTree = "<group>"; };
		C8158DB11E0D8FED00648BC5 /* NSObject+tableView.h */ = {isa = PBXFileReference; fileEncoding = 4; lastKnownFileType = sourcecode.c.h; path = "NSObject+tableView.h"; sourceTree = "<group>"; };
		C8158DB21E0D8FED00648BC5 /* NSObject+tableView.m */ = {isa = PBXFileReference; fileEncoding = 4; lastKnownFileType = sourcecode.c.objc; path = "NSObject+tableView.m"; sourceTree = "<group>"; };
		C8158DB41E0D905300648BC5 /* TextModel.h */ = {isa = PBXFileReference; fileEncoding = 4; lastKnownFileType = sourcecode.c.h; path = TextModel.h; sourceTree = "<group>"; };
		C8158DB51E0D905300648BC5 /* TextModel.m */ = {isa = PBXFileReference; fileEncoding = 4; lastKnownFileType = sourcecode.c.objc; path = TextModel.m; sourceTree = "<group>"; };
		C8158DB71E0D92CF00648BC5 /* ImageModel.h */ = {isa = PBXFileReference; fileEncoding = 4; lastKnownFileType = sourcecode.c.h; path = ImageModel.h; sourceTree = "<group>"; };
		C8158DB81E0D92CF00648BC5 /* ImageModel.m */ = {isa = PBXFileReference; fileEncoding = 4; lastKnownFileType = sourcecode.c.objc; path = ImageModel.m; sourceTree = "<group>"; };
		C8158DBA1E0D92FF00648BC5 /* TextCell.h */ = {isa = PBXFileReference; fileEncoding = 4; lastKnownFileType = sourcecode.c.h; path = TextCell.h; sourceTree = "<group>"; };
		C8158DBB1E0D92FF00648BC5 /* TextCell.m */ = {isa = PBXFileReference; fileEncoding = 4; lastKnownFileType = sourcecode.c.objc; path = TextCell.m; sourceTree = "<group>"; };
		C8158DBD1E0D930C00648BC5 /* ImageCell.h */ = {isa = PBXFileReference; fileEncoding = 4; lastKnownFileType = sourcecode.c.h; path = ImageCell.h; sourceTree = "<group>"; };
		C8158DBE1E0D930C00648BC5 /* ImageCell.m */ = {isa = PBXFileReference; fileEncoding = 4; lastKnownFileType = sourcecode.c.objc; path = ImageCell.m; sourceTree = "<group>"; };
		C8158DC11E0D967900648BC5 /* dylan1.jpg */ = {isa = PBXFileReference; lastKnownFileType = image.jpeg; path = dylan1.jpg; sourceTree = "<group>"; };
		C8158DC31E0D968000648BC5 /* dylan2.jpg */ = {isa = PBXFileReference; lastKnownFileType = image.jpeg; path = dylan2.jpg; sourceTree = "<group>"; };
		C8158DC51E0D985B00648BC5 /* TextModel+tableView.h */ = {isa = PBXFileReference; fileEncoding = 4; lastKnownFileType = sourcecode.c.h; path = "TextModel+tableView.h"; sourceTree = "<group>"; };
		C8158DC61E0D985B00648BC5 /* TextModel+tableView.m */ = {isa = PBXFileReference; fileEncoding = 4; lastKnownFileType = sourcecode.c.objc; path = "TextModel+tableView.m"; sourceTree = "<group>"; };
		C8158DCB1E0D99CC00648BC5 /* ImageModel+tableView.h */ = {isa = PBXFileReference; fileEncoding = 4; lastKnownFileType = sourcecode.c.h; path = "ImageModel+tableView.h"; sourceTree = "<group>"; };
		C8158DCC1E0D99CC00648BC5 /* ImageModel+tableView.m */ = {isa = PBXFileReference; fileEncoding = 4; lastKnownFileType = sourcecode.c.objc; path = "ImageModel+tableView.m"; sourceTree = "<group>"; };
/* End PBXFileReference section */

/* Begin PBXFrameworksBuildPhase section */
		C8158D911E0D8CF800648BC5 /* Frameworks */ = {
			isa = PBXFrameworksBuildPhase;
			buildActionMask = 2147483647;
			files = (
			);
			runOnlyForDeploymentPostprocessing = 0;
		};
/* End PBXFrameworksBuildPhase section */

/* Begin PBXGroup section */
		C8158D8B1E0D8CF800648BC5 = {
			isa = PBXGroup;
			children = (
				C8158D961E0D8CF800648BC5 /* CategoryDemo */,
				C8158D951E0D8CF800648BC5 /* Products */,
			);
			sourceTree = "<group>";
		};
		C8158D951E0D8CF800648BC5 /* Products */ = {
			isa = PBXGroup;
			children = (
				C8158D941E0D8CF800648BC5 /* CategoryDemo.app */,
			);
			name = Products;
			sourceTree = "<group>";
		};
		C8158D961E0D8CF800648BC5 /* CategoryDemo */ = {
			isa = PBXGroup;
			children = (
				C8158DC91E0D987100648BC5 /* model */,
				C8158DC81E0D986B00648BC5 /* view */,
				C8158DCA1E0D987800648BC5 /* controller */,
				C8158DC01E0D966A00648BC5 /* images */,
				C8158D9A1E0D8CF800648BC5 /* AppDelegate.h */,
				C8158D9B1E0D8CF800648BC5 /* AppDelegate.m */,
				C8158DAE1E0D8F2A00648BC5 /* NSObject+tryDownCast.h */,
				C8158DAF1E0D8F2A00648BC5 /* NSObject+tryDownCast.m */,
				C8158DB11E0D8FED00648BC5 /* NSObject+tableView.h */,
				C8158DB21E0D8FED00648BC5 /* NSObject+tableView.m */,
				C8158DA01E0D8CF800648BC5 /* Main.storyboard */,
				C8158DA31E0D8CF800648BC5 /* Assets.xcassets */,
				C8158DA51E0D8CF800648BC5 /* LaunchScreen.storyboard */,
				C8158DA81E0D8CF800648BC5 /* Info.plist */,
				C8158D971E0D8CF800648BC5 /* Supporting Files */,
			);
			path = CategoryDemo;
			sourceTree = "<group>";
		};
		C8158D971E0D8CF800648BC5 /* Supporting Files */ = {
			isa = PBXGroup;
			children = (
				C8158D981E0D8CF800648BC5 /* main.m */,
			);
			name = "Supporting Files";
			sourceTree = "<group>";
		};
		C8158DC01E0D966A00648BC5 /* images */ = {
			isa = PBXGroup;
			children = (
				C8158DC31E0D968000648BC5 /* dylan2.jpg */,
				C8158DC11E0D967900648BC5 /* dylan1.jpg */,
			);
			name = images;
			sourceTree = "<group>";
		};
		C8158DC81E0D986B00648BC5 /* view */ = {
			isa = PBXGroup;
			children = (
				C8158DBA1E0D92FF00648BC5 /* TextCell.h */,
				C8158DBB1E0D92FF00648BC5 /* TextCell.m */,
				C8158DBD1E0D930C00648BC5 /* ImageCell.h */,
				C8158DBE1E0D930C00648BC5 /* ImageCell.m */,
			);
			name = view;
			sourceTree = "<group>";
		};
		C8158DC91E0D987100648BC5 /* model */ = {
			isa = PBXGroup;
			children = (
				C8158DB41E0D905300648BC5 /* TextModel.h */,
				C8158DB51E0D905300648BC5 /* TextModel.m */,
				C8158DB71E0D92CF00648BC5 /* ImageModel.h */,
				C8158DB81E0D92CF00648BC5 /* ImageModel.m */,
			);
			name = model;
			sourceTree = "<group>";
		};
		C8158DCA1E0D987800648BC5 /* controller */ = {
			isa = PBXGroup;
			children = (
				C8158D9D1E0D8CF800648BC5 /* ViewController.h */,
				C8158D9E1E0D8CF800648BC5 /* ViewController.m */,
				C8158DC51E0D985B00648BC5 /* TextModel+tableView.h */,
				C8158DC61E0D985B00648BC5 /* TextModel+tableView.m */,
				C8158DCB1E0D99CC00648BC5 /* ImageModel+tableView.h */,
				C8158DCC1E0D99CC00648BC5 /* ImageModel+tableView.m */,
			);
			name = controller;
			sourceTree = "<group>";
		};
/* End PBXGroup section */

/* Begin PBXNativeTarget section */
		C8158D931E0D8CF800648BC5 /* CategoryDemo */ = {
			isa = PBXNativeTarget;
			buildConfigurationList = C8158DAB1E0D8CF800648BC5 /* Build configuration list for PBXNativeTarget "CategoryDemo" */;
			buildPhases = (
				C8158D901E0D8CF800648BC5 /* Sources */,
				C8158D911E0D8CF800648BC5 /* Frameworks */,
				C8158D921E0D8CF800648BC5 /* Resources */,
			);
			buildRules = (
			);
			dependencies = (
			);
			name = CategoryDemo;
			productName = CategoryDemo;
			productReference = C8158D941E0D8CF800648BC5 /* CategoryDemo.app */;
			productType = "com.apple.product-type.application";
		};
/* End PBXNativeTarget section */

/* Begin PBXProject section */
		C8158D8C1E0D8CF800648BC5 /* Project object */ = {
			isa = PBXProject;
			attributes = {
				LastUpgradeCheck = 0820;
				ORGANIZATIONNAME = menglin;
				TargetAttributes = {
					C8158D931E0D8CF800648BC5 = {
						CreatedOnToolsVersion = 8.2.1;
						DevelopmentTeam = NSH39G9ER6;
						ProvisioningStyle = Automatic;
					};
				};
			};
			buildConfigurationList = C8158D8F1E0D8CF800648BC5 /* Build configuration list for PBXProject "CategoryDemo" */;
			compatibilityVersion = "Xcode 3.2";
			developmentRegion = English;
			hasScannedForEncodings = 0;
			knownRegions = (
				en,
				Base,
			);
			mainGroup = C8158D8B1E0D8CF800648BC5;
			productRefGroup = C8158D951E0D8CF800648BC5 /* Products */;
			projectDirPath = "";
			projectRoot = "";
			targets = (
				C8158D931E0D8CF800648BC5 /* CategoryDemo */,
			);
		};
/* End PBXProject section */

/* Begin PBXResourcesBuildPhase section */
		C8158D921E0D8CF800648BC5 /* Resources */ = {
			isa = PBXResourcesBuildPhase;
			buildActionMask = 2147483647;
			files = (
				C8158DA71E0D8CF800648BC5 /* LaunchScreen.storyboard in Resources */,
				C8158DC41E0D968000648BC5 /* dylan2.jpg in Resources */,
				C8158DA41E0D8CF800648BC5 /* Assets.xcassets in Resources */,
				C8158DC21E0D967900648BC5 /* dylan1.jpg in Resources */,
				C8158DA21E0D8CF800648BC5 /* Main.storyboard in Resources */,
			);
			runOnlyForDeploymentPostprocessing = 0;
		};
/* End PBXResourcesBuildPhase section */

/* Begin PBXSourcesBuildPhase section */
		C8158D901E0D8CF800648BC5 /* Sources */ = {
			isa = PBXSourcesBuildPhase;
			buildActionMask = 2147483647;
			files = (
				C8158D9F1E0D8CF800648BC5 /* ViewController.m in Sources */,
				C8158D9C1E0D8CF800648BC5 /* AppDelegate.m in Sources */,
				C8158DC71E0D985B00648BC5 /* TextModel+tableView.m in Sources */,
				C8158DBC1E0D92FF00648BC5 /* TextCell.m in Sources */,
				C8158DB91E0D92CF00648BC5 /* ImageModel.m in Sources */,
				C8158DB01E0D8F2A00648BC5 /* NSObject+tryDownCast.m in Sources */,
				C8158D991E0D8CF800648BC5 /* main.m in Sources */,
				C8158DB61E0D905300648BC5 /* TextModel.m in Sources */,
				C8158DBF1E0D930C00648BC5 /* ImageCell.m in Sources */,
				C8158DB31E0D8FED00648BC5 /* NSObject+tableView.m in Sources */,
				C8158DCD1E0D99CC00648BC5 /* ImageModel+tableView.m in Sources */,
			);
			runOnlyForDeploymentPostprocessing = 0;
		};
/* End PBXSourcesBuildPhase section */

/* Begin PBXVariantGroup section */
		C8158DA01E0D8CF800648BC5 /* Main.storyboard */ = {
			isa = PBXVariantGroup;
			children = (
				C8158DA11E0D8CF800648BC5 /* Base */,
			);
			name = Main.storyboard;
			sourceTree = "<group>";
		};
		C8158DA51E0D8CF800648BC5 /* LaunchScreen.storyboard */ = {
			isa = PBXVariantGroup;
			children = (
				C8158DA61E0D8CF800648BC5 /* Base */,
			);
			name = LaunchScreen.storyboard;
			sourceTree = "<group>";
		};
/* End PBXVariantGroup section */

/* Begin XCBuildConfiguration section */
		C8158DA91E0D8CF800648BC5 /* Debug */ = {
			isa = XCBuildConfiguration;
			buildSettings = {
				ALWAYS_SEARCH_USER_PATHS = NO;
				CLANG_ANALYZER_NONNULL = YES;
				CLANG_CXX_LANGUAGE_STANDARD = "gnu++0x";
				CLANG_CXX_LIBRARY = "libc++";
				CLANG_ENABLE_MODULES = YES;
				CLANG_ENABLE_OBJC_ARC = YES;
				CLANG_WARN_BOOL_CONVERSION = YES;
				CLANG_WARN_CONSTANT_CONVERSION = YES;
				CLANG_WARN_DIRECT_OBJC_ISA_USAGE = YES_ERROR;
				CLANG_WARN_DOCUMENTATION_COMMENTS = YES;
				CLANG_WARN_EMPTY_BODY = YES;
				CLANG_WARN_ENUM_CONVERSION = YES;
				CLANG_WARN_INFINITE_RECURSION = YES;
				CLANG_WARN_INT_CONVERSION = YES;
				CLANG_WARN_OBJC_ROOT_CLASS = YES_ERROR;
				CLANG_WARN_SUSPICIOUS_MOVE = YES;
				CLANG_WARN_UNREACHABLE_CODE = YES;
				CLANG_WARN__DUPLICATE_METHOD_MATCH = YES;
				"CODE_SIGN_IDENTITY[sdk=iphoneos*]" = "iPhone Developer";
				COPY_PHASE_STRIP = NO;
				DEBUG_INFORMATION_FORMAT = dwarf;
				ENABLE_STRICT_OBJC_MSGSEND = YES;
				ENABLE_TESTABILITY = YES;
				GCC_C_LANGUAGE_STANDARD = gnu99;
				GCC_DYNAMIC_NO_PIC = NO;
				GCC_NO_COMMON_BLOCKS = YES;
				GCC_OPTIMIZATION_LEVEL = 0;
				GCC_PREPROCESSOR_DEFINITIONS = (
					"DEBUG=1",
					"$(inherited)",
				);
				GCC_WARN_64_TO_32_BIT_CONVERSION = YES;
				GCC_WARN_ABOUT_RETURN_TYPE = YES_ERROR;
				GCC_WARN_UNDECLARED_SELECTOR = YES;
				GCC_WARN_UNINITIALIZED_AUTOS = YES_AGGRESSIVE;
				GCC_WARN_UNUSED_FUNCTION = YES;
				GCC_WARN_UNUSED_VARIABLE = YES;
				IPHONEOS_DEPLOYMENT_TARGET = 10.2;
				MTL_ENABLE_DEBUG_INFO = YES;
				ONLY_ACTIVE_ARCH = YES;
				SDKROOT = iphoneos;
			};
			name = Debug;
		};
		C8158DAA1E0D8CF800648BC5 /* Release */ = {
			isa = XCBuildConfiguration;
			buildSettings = {
				ALWAYS_SEARCH_USER_PATHS = NO;
				CLANG_ANALYZER_NONNULL = YES;
				CLANG_CXX_LANGUAGE_STANDARD = "gnu++0x";
				CLANG_CXX_LIBRARY = "libc++";
				CLANG_ENABLE_MODULES = YES;
				CLANG_ENABLE_OBJC_ARC = YES;
				CLANG_WARN_BOOL_CONVERSION = YES;
				CLANG_WARN_CONSTANT_CONVERSION = YES;
				CLANG_WARN_DIRECT_OBJC_ISA_USAGE = YES_ERROR;
				CLANG_WARN_DOCUMENTATION_COMMENTS = YES;
				CLANG_WARN_EMPTY_BODY = YES;
				CLANG_WARN_ENUM_CONVERSION = YES;
				CLANG_WARN_INFINITE_RECURSION = YES;
				CLANG_WARN_INT_CONVERSION = YES;
				CLANG_WARN_OBJC_ROOT_CLASS = YES_ERROR;
				CLANG_WARN_SUSPICIOUS_MOVE = YES;
				CLANG_WARN_UNREACHABLE_CODE = YES;
				CLANG_WARN__DUPLICATE_METHOD_MATCH = YES;
				"CODE_SIGN_IDENTITY[sdk=iphoneos*]" = "iPhone Developer";
				COPY_PHASE_STRIP = NO;
				DEBUG_INFORMATION_FORMAT = "dwarf-with-dsym";
				ENABLE_NS_ASSERTIONS = NO;
				ENABLE_STRICT_OBJC_MSGSEND = YES;
				GCC_C_LANGUAGE_STANDARD = gnu99;
				GCC_NO_COMMON_BLOCKS = YES;
				GCC_WARN_64_TO_32_BIT_CONVERSION = YES;
				GCC_WARN_ABOUT_RETURN_TYPE = YES_ERROR;
				GCC_WARN_UNDECLARED_SELECTOR = YES;
				GCC_WARN_UNINITIALIZED_AUTOS = YES_AGGRESSIVE;
				GCC_WARN_UNUSED_FUNCTION = YES;
				GCC_WARN_UNUSED_VARIABLE = YES;
				IPHONEOS_DEPLOYMENT_TARGET = 10.2;
				MTL_ENABLE_DEBUG_INFO = NO;
				SDKROOT = iphoneos;
				VALIDATE_PRODUCT = YES;
			};
			name = Release;
		};
		C8158DAC1E0D8CF800648BC5 /* Debug */ = {
			isa = XCBuildConfiguration;
			buildSettings = {
				ASSETCATALOG_COMPILER_APPICON_NAME = AppIcon;
				DEVELOPMENT_TEAM = NSH39G9ER6;
				INFOPLIST_FILE = CategoryDemo/Info.plist;
				LD_RUNPATH_SEARCH_PATHS = "$(inherited) @executable_path/Frameworks";
				PRODUCT_BUNDLE_IDENTIFIER = com.menglin.CategoryDemo;
				PRODUCT_NAME = "$(TARGET_NAME)";
			};
			name = Debug;
		};
		C8158DAD1E0D8CF800648BC5 /* Release */ = {
			isa = XCBuildConfiguration;
			buildSettings = {
				ASSETCATALOG_COMPILER_APPICON_NAME = AppIcon;
				DEVELOPMENT_TEAM = NSH39G9ER6;
				INFOPLIST_FILE = CategoryDemo/Info.plist;
				LD_RUNPATH_SEARCH_PATHS = "$(inherited) @executable_path/Frameworks";
				PRODUCT_BUNDLE_IDENTIFIER = com.menglin.CategoryDemo;
				PRODUCT_NAME = "$(TARGET_NAME)";
			};
			name = Release;
		};
/* End XCBuildConfiguration section */

/* Begin XCConfigurationList section */
		C8158D8F1E0D8CF800648BC5 /* Build configuration list for PBXProject "CategoryDemo" */ = {
			isa = XCConfigurationList;
			buildConfigurations = (
				C8158DA91E0D8CF800648BC5 /* Debug */,
				C8158DAA1E0D8CF800648BC5 /* Release */,
			);
			defaultConfigurationIsVisible = 0;
			defaultConfigurationName = Release;
		};
		C8158DAB1E0D8CF800648BC5 /* Build configuration list for PBXNativeTarget "CategoryDemo" */ = {
			isa = XCConfigurationList;
			buildConfigurations = (
				C8158DAC1E0D8CF800648BC5 /* Debug */,
				C8158DAD1E0D8CF800648BC5 /* Release */,
			);
			defaultConfigurationIsVisible = 0;
		};
/* End XCConfigurationList section */
	};
	rootObject = C8158D8C1E0D8CF800648BC5 /* Project object */;
}
